// !$*UTF8*$!
{
	archiveVersion = 1;
	classes = {
	};
	objectVersion = 77;
	objects = {

/* Begin PBXContainerItemProxy section */
		A3B5D94F2FAE11AB00CD4F77 /* PBXContainerItemProxy */ = {
			isa = PBXContainerItemProxy;
			containerPortal = A3B5D9392FAE11A800CD4F77 /* Project object */;
			proxyType = 1;
			remoteGlobalIDString = A3B5D9402FAE11A800CD4F77;
			remoteInfo = IACurse;
		};
		A3B5D9592FAE11AB00CD4F77 /* PBXContainerItemProxy */ = {
			isa = PBXContainerItemProxy;
			containerPortal = A3B5D9392FAE11A800CD4F77 /* Project object */;
			proxyType = 1;
			remoteGlobalIDString = A3B5D9402FAE11A800CD4F77;
			remoteInfo = IACurse;
		};
/* End PBXContainerItemProxy section */

/* Begin PBXFileReference section */
		A3B5D9412FAE11A800CD4F77 /* IACurse.app */ = {isa = PBXFileReference; explicitFileType = wrapper.application; includeInIndex = 0; path = IACurse.app; sourceTree = BUILT_PRODUCTS_DIR; };
		A3B5D94E2FAE11AB00CD4F77 /* IACurseTests.xctest */ = {isa = PBXFileReference; explicitFileType = wrapper.cfbundle; includeInIndex = 0; path = IACurseTests.xctest; sourceTree = BUILT_PRODUCTS_DIR; };
		A3B5D9582FAE11AB00CD4F77 /* IACurseUITests.xctest */ = {isa = PBXFileReference; explicitFileType = wrapper.cfbundle; includeInIndex = 0; path = IACurseUITests.xctest; sourceTree = BUILT_PRODUCTS_DIR; };
/* End PBXFileReference section */

/* Begin PBXFileSystemSynchronizedRootGroup section */
		A3B5D9432FAE11A800CD4F77 /* IACurse */ = {
			isa = PBXFileSystemSynchronizedRootGroup;
			path = IACurse;
			sourceTree = "<group>";
		};
		A3B5D9512FAE11AB00CD4F77 /* IACurseTests */ = {
			isa = PBXFileSystemSynchronizedRootGroup;
			path = IACurseTests;
			sourceTree = "<group>";
		};
		A3B5D95B2FAE11AB00CD4F77 /* IACurseUITests */ = {
			isa = PBXFileSystemSynchronizedRootGroup;
			path = IACurseUITests;
			sourceTree = "<group>";
		};
/* End PBXFileSystemSynchronizedRootGroup section */

/* Begin PBXFrameworksBuildPhase section */
		A3B5D93E2FAE11A800CD4F77 /* Frameworks */ = {
			isa = PBXFrameworksBuildPhase;
			buildActionMask = 2147483647;
			files = (
			);
			runOnlyForDeploymentPostprocessing = 0;
		};
		A3B5D94B2FAE11AB00CD4F77 /* Frameworks */ = {
			isa = PBXFrameworksBuildPhase;
			buildActionMask = 2147483647;
			files = (
			);
			runOnlyForDeploymentPostprocessing = 0;
		};
		A3B5D9552FAE11AB00CD4F77 /* Frameworks */ = {
			isa = PBXFrameworksBuildPhase;
			buildActionMask = 2147483647;
			files = (
			);
			runOnlyForDeploymentPostprocessing = 0;
		};
/* End PBXFrameworksBuildPhase section */

/* Begin PBXGroup section */
		A3B5D9382FAE11A800CD4F77 = {
			isa = PBXGroup;
			children = (
				A3B5D9432FAE11A800CD4F77 /* IACurse */,
				A3B5D9512FAE11AB00CD4F77 /* IACurseTests */,
				A3B5D95B2FAE11AB00CD4F77 /* IACurseUITests */,
				A3B5D9422FAE11A800CD4F77 /* Products */,
			);
			sourceTree = "<group>";
		};
		A3B5D9422FAE11A800CD4F77 /* Products */ = {
			isa = PBXGroup;
			children = (
				A3B5D9412FAE11A800CD4F77 /* IACurse.app */,
				A3B5D94E2FAE11AB00CD4F77 /* IACurseTests.xctest */,
				A3B5D9582FAE11AB00CD4F77 /* IACurseUITests.xctest */,
			);
			name = Products;
			sourceTree = "<group>";
		};
/* End PBXGroup section */

/* Begin PBXNativeTarget section */
		A3B5D9402FAE11A800CD4F77 /* IACurse */ = {
			isa = PBXNativeTarget;
			buildConfigurationList = A3B5D9622FAE11AB00CD4F77 /* Build configuration list for PBXNativeTarget "IACurse" */;
			buildPhases = (
				A3B5D93D2FAE11A800CD4F77 /* Sources */,
				A3B5D93E2FAE11A800CD4F77 /* Frameworks */,
				A3B5D93F2FAE11A800CD4F77 /* Resources */,
			);
			buildRules = (
			);
			dependencies = (
			);
			fileSystemSynchronizedGroups = (
				A3B5D9432FAE11A800CD4F77 /* IACurse */,
			);
			name = IACurse;
			packageProductDependencies = (
			);
			productName = IACurse;
			productReference = A3B5D9412FAE11A800CD4F77 /* IACurse.app */;
			productType = "com.apple.product-type.application";
		};
		A3B5D94D2FAE11AB00CD4F77 /* IACurseTests */ = {
			isa = PBXNativeTarget;
			buildConfigurationList = A3B5D9652FAE11AB00CD4F77 /* Build configuration list for PBXNativeTarget "IACurseTests" */;
			buildPhases = (
				A3B5D94A2FAE11AB00CD4F77 /* Sources */,
				A3B5D94B2FAE11AB00CD4F77 /* Frameworks */,
				A3B5D94C2FAE11AB00CD4F77 /* Resources */,
			);
			buildRules = (
			);
			dependencies = (
				A3B5D9502FAE11AB00CD4F77 /* PBXTargetDependency */,
			);
			fileSystemSynchronizedGroups = (
				A3B5D9512FAE11AB00CD4F77 /* IACurseTests */,
			);
			name = IACurseTests;
			packageProductDependencies = (
			);
			productName = IACurseTests;
			productReference = A3B5D94E2FAE11AB00CD4F77 /* IACurseTests.xctest */;
			productType = "com.apple.product-type.bundle.unit-test";
		};
		A3B5D9572FAE11AB00CD4F77 /* IACurseUITests */ = {
			isa = PBXNativeTarget;
			buildConfigurationList = A3B5D9682FAE11AB00CD4F77 /* Build configuration list for PBXNativeTarget "IACurseUITests" */;
			buildPhases = (
				A3B5D9542FAE11AB00CD4F77 /* Sources */,
				A3B5D9552FAE11AB00CD4F77 /* Frameworks */,
				A3B5D9562FAE11AB00CD4F77 /* Resources */,
			);
			buildRules = (
			);
			dependencies = (
				A3B5D95A2FAE11AB00CD4F77 /* PBXTargetDependency */,
			);
			fileSystemSynchronizedGroups = (
				A3B5D95B2FAE11AB00CD4F77 /* IACurseUITests */,
			);
			name = IACurseUITests;
			packageProductDependencies = (
			);
			productName = IACurseUITests;
			productReference = A3B5D9582FAE11AB00CD4F77 /* IACurseUITests.xctest */;
			productType = "com.apple.product-type.bundle.ui-testing";
		};
/* End PBXNativeTarget section */

/* Begin PBXProject section */
		A3B5D9392FAE11A800CD4F77 /* Project object */ = {
			isa = PBXProject;
			attributes = {
				BuildIndependentTargetsInParallel = 1;
				LastSwiftUpdateCheck = 2650;
				LastUpgradeCheck = 2650;
				TargetAttributes = {
					A3B5D9402FAE11A800CD4F77 = {
						CreatedOnToolsVersion = 26.5;
					};
					A3B5D94D2FAE11AB00CD4F77 = {
						CreatedOnToolsVersion = 26.5;
						TestTargetID = A3B5D9402FAE11A800CD4F77;
					};
					A3B5D9572FAE11AB00CD4F77 = {
						CreatedOnToolsVersion = 26.5;
						TestTargetID = A3B5D9402FAE11A800CD4F77;
					};
				};
			};
			buildConfigurationList = A3B5D93C2FAE11A800CD4F77 /* Build configuration list for PBXProject "IACurse" */;
			developmentRegion = en;
			hasScannedForEncodings = 0;
			knownRegions = (
				en,
				Base,
			);
			mainGroup = A3B5D9382FAE11A800CD4F77;
			minimizedProjectReferenceProxies = 1;
			preferredProjectObjectVersion = 77;
			productRefGroup = A3B5D9422FAE11A800CD4F77 /* Products */;
			projectDirPath = "";
			projectRoot = "";
			targets = (
				A3B5D9402FAE11A800CD4F77 /* IACurse */,
				A3B5D94D2FAE11AB00CD4F77 /* IACurseTests */,
				A3B5D9572FAE11AB00CD4F77 /* IACurseUITests */,
			);
		};
/* End PBXProject section */

/* Begin PBXResourcesBuildPhase section */
		A3B5D93F2FAE11A800CD4F77 /* Resources */ = {
			isa = PBXResourcesBuildPhase;
			buildActionMask = 2147483647;
			files = (
			);
			runOnlyForDeploymentPostprocessing = 0;
		};
		A3B5D94C2FAE11AB00CD4F77 /* Resources */ = {
			isa = PBXResourcesBuildPhase;
			buildActionMask = 2147483647;
			files = (
			);
			runOnlyForDeploymentPostprocessing = 0;
		};
		A3B5D9562FAE11AB00CD4F77 /* Resources */ = {
			isa = PBXResourcesBuildPhase;
			buildActionMask = 2147483647;
			files = (
			);
			runOnlyForDeploymentPostprocessing = 0;
		};
/* End PBXResourcesBuildPhase section */

/* Begin PBXSourcesBuildPhase section */
		A3B5D93D2FAE11A800CD4F77 /* Sources */ = {
			isa = PBXSourcesBuildPhase;
			buildActionMask = 2147483647;
			files = (
			);
			runOnlyForDeploymentPostprocessing = 0;
		};
		A3B5D94A2FAE11AB00CD4F77 /* Sources */ = {
			isa = PBXSourcesBuildPhase;
			buildActionMask = 2147483647;
			files = (
			);
			runOnlyForDeploymentPostprocessing = 0;
		};
		A3B5D9542FAE11AB00CD4F77 /* Sources */ = {
			isa = PBXSourcesBuildPhase;
			buildActionMask = 2147483647;
			files = (
			);
			runOnlyForDeploymentPostprocessing = 0;
		};
/* End PBXSourcesBuildPhase section */

/* Begin PBXTargetDependency section */
		A3B5D9502FAE11AB00CD4F77 /* PBXTargetDependency */ = {
			isa = PBXTargetDependency;
			target = A3B5D9402FAE11A800CD4F77 /* IACurse */;
			targetProxy = A3B5D94F2FAE11AB00CD4F77 /* PBXContainerItemProxy */;
		};
		A3B5D95A2FAE11AB00CD4F77 /* PBXTargetDependency */ = {
			isa = PBXTargetDependency;
			target = A3B5D9402FAE11A800CD4F77 /* IACurse */;
			targetProxy = A3B5D9592FAE11AB00CD4F77 /* PBXContainerItemProxy */;
		};
/* End PBXTargetDependency section */

/* Begin XCBuildConfiguration section */
		A3B5D9602FAE11AB00CD4F77 /* Debug */ = {
			isa = XCBuildConfiguration;
			buildSettings = {
				ALWAYS_SEARCH_USER_PATHS = NO;
				ASSETCATALOG_COMPILER_GENERATE_SWIFT_ASSET_SYMBOL_EXTENSIONS = YES;
				CLANG_ANALYZER_NONNULL = YES;
				CLANG_ANALYZER_NUMBER_OBJECT_CONVERSION = YES_AGGRESSIVE;
				CLANG_CXX_LANGUAGE_STANDARD = "gnu++20";
				CLANG_ENABLE_MODULES = YES;
				CLANG_ENABLE_OBJC_ARC = YES;
				CLANG_ENABLE_OBJC_WEAK = YES;
				CLANG_WARN_BLOCK_CAPTURE_AUTORELEASING = YES;
				CLANG_WARN_BOOL_CONVERSION = YES;
				CLANG_WARN_COMMA = YES;
				CLANG_WARN_CONSTANT_CONVERSION = YES;
				CLANG_WARN_DEPRECATED_OBJC_IMPLEMENTATIONS = YES;
				CLANG_WARN_DIRECT_OBJC_ISA_USAGE = YES_ERROR;
				CLANG_WARN_DOCUMENTATION_COMMENTS = YES;
				CLANG_WARN_EMPTY_BODY = YES;
				CLANG_WARN_ENUM_CONVERSION = YES;
				CLANG_WARN_INFINITE_RECURSION = YES;
				CLANG_WARN_INT_CONVERSION = YES;
				CLANG_WARN_NON_LITERAL_NULL_CONVERSION = YES;
				CLANG_WARN_OBJC_IMPLICIT_RETAIN_SELF = YES;
				CLANG_WARN_OBJC_LITERAL_CONVERSION = YES;
				CLANG_WARN_OBJC_ROOT_CLASS = YES_ERROR;
				CLANG_WARN_QUOTED_INCLUDE_IN_FRAMEWORK_HEADER = YES;
				CLANG_WARN_RANGE_LOOP_ANALYSIS = YES;
				CLANG_WARN_STRICT_PROTOTYPES = YES;
				CLANG_WARN_SUSPICIOUS_MOVE = YES;
				CLANG_WARN_UNGUARDED_AVAILABILITY = YES_AGGRESSIVE;
				CLANG_WARN_UNREACHABLE_CODE = YES;
				CLANG_WARN__DUPLICATE_METHOD_MATCH = YES;
				COPY_PHASE_STRIP = NO;
				DEBUG_INFORMATION_FORMAT = dwarf;
				DEVELOPMENT_TEAM = TZ6ZTCG253;
				ENABLE_STRICT_OBJC_MSGSEND = YES;
				ENABLE_TESTABILITY = YES;
				ENABLE_USER_SCRIPT_SANDBOXING = YES;
				GCC_C_LANGUAGE_STANDARD = gnu17;
				GCC_DYNAMIC_NO_PIC = NO;
				GCC_NO_COMMON_BLOCKS = YES;
				GCC_OPTIMIZATION_LEVEL = 0;
				GCC_PREPROCESSOR_DEFINITIONS = (
					"DEBUG=1",
					"$(inherited)",
				);
				GCC_WARN_64_TO_32_BIT_CONVERSION = YES;
				GCC_WARN_ABOUT_RETURN_TYPE = YES_ERROR;
				GCC_WARN_UNDECLARED_SELECTOR = YES;
				GCC_WARN_UNINITIALIZED_AUTOS = YES_AGGRESSIVE;
				GCC_WARN_UNUSED_FUNCTION = YES;
				GCC_WARN_UNUSED_VARIABLE = YES;
				IPHONEOS_DEPLOYMENT_TARGET = 26.5;
				LOCALIZATION_PREFERS_STRING_CATALOGS = YES;
				MTL_ENABLE_DEBUG_INFO = INCLUDE_SOURCE;
				MTL_FAST_MATH = YES;
				ONLY_ACTIVE_ARCH = YES;
				SDKROOT = iphoneos;
				SWIFT_ACTIVE_COMPILATION_CONDITIONS = "DEBUG $(inherited)";
				SWIFT_OPTIMIZATION_LEVEL = "-Onone";
			};
			name = Debug;
		};
		A3B5D9612FAE11AB00CD4F77 /* Release */ = {
			isa = XCBuildConfiguration;
			buildSettings = {
				ALWAYS_SEARCH_USER_PATHS = NO;
				ASSETCATALOG_COMPILER_GENERATE_SWIFT_ASSET_SYMBOL_EXTENSIONS = YES;
				CLANG_ANALYZER_NONNULL = YES;
				CLANG_ANALYZER_NUMBER_OBJECT_CONVERSION = YES_AGGRESSIVE;
				CLANG_CXX_LANGUAGE_STANDARD = "gnu++20";
				CLANG_ENABLE_MODULES = YES;
				CLANG_ENABLE_OBJC_ARC = YES;
				CLANG_ENABLE_OBJC_WEAK = YES;
				CLANG_WARN_BLOCK_CAPTURE_AUTORELEASING = YES;
				CLANG_WARN_BOOL_CONVERSION = YES;
				CLANG_WARN_COMMA = YES;
				CLANG_WARN_CONSTANT_CONVERSION = YES;
				CLANG_WARN_DEPRECATED_OBJC_IMPLEMENTATIONS = YES;
				CLANG_WARN_DIRECT_OBJC_ISA_USAGE = YES_ERROR;
				CLANG_WARN_DOCUMENTATION_COMMENTS = YES;
				CLANG_WARN_EMPTY_BODY = YES;
				CLANG_WARN_ENUM_CONVERSION = YES;
				CLANG_WARN_INFINITE_RECURSION = YES;
				CLANG_WARN_INT_CONVERSION = YES;
				CLANG_WARN_NON_LITERAL_NULL_CONVERSION = YES;
				CLANG_WARN_OBJC_IMPLICIT_RETAIN_SELF = YES;
				CLANG_WARN_OBJC_LITERAL_CONVERSION = YES;
				CLANG_WARN_OBJC_ROOT_CLASS = YES_ERROR;
				CLANG_WARN_QUOTED_INCLUDE_IN_FRAMEWORK_HEADER = YES;
				CLANG_WARN_RANGE_LOOP_ANALYSIS = YES;
				CLANG_WARN_STRICT_PROTOTYPES = YES;
				CLANG_WARN_SUSPICIOUS_MOVE = YES;
				CLANG_WARN_UNGUARDED_AVAILABILITY = YES_AGGRESSIVE;
				CLANG_WARN_UNREACHABLE_CODE = YES;
				CLANG_WARN__DUPLICATE_METHOD_MATCH = YES;
				COPY_PHASE_STRIP = NO;
				DEBUG_INFORMATION_FORMAT = "dwarf-with-dsym";
				DEVELOPMENT_TEAM = TZ6ZTCG253;
				ENABLE_NS_ASSERTIONS = NO;
				ENABLE_STRICT_OBJC_MSGSEND = YES;
				ENABLE_USER_SCRIPT_SANDBOXING = YES;
				GCC_C_LANGUAGE_STANDARD = gnu17;
				GCC_NO_COMMON_BLOCKS = YES;
				GCC_WARN_64_TO_32_BIT_CONVERSION = YES;
				GCC_WARN_ABOUT_RETURN_TYPE = YES_ERROR;
				GCC_WARN_UNDECLARED_SELECTOR = YES;
				GCC_WARN_UNINITIALIZED_AUTOS = YES_AGGRESSIVE;
				GCC_WARN_UNUSED_FUNCTION = YES;
				GCC_WARN_UNUSED_VARIABLE = YES;
				IPHONEOS_DEPLOYMENT_TARGET = 26.5;
				LOCALIZATION_PREFERS_STRING_CATALOGS = YES;
				MTL_ENABLE_DEBUG_INFO = NO;
				MTL_FAST_MATH = YES;
				SDKROOT = iphoneos;
				SWIFT_COMPILATION_MODE = wholemodule;
				VALIDATE_PRODUCT = YES;
			};
			name = Release;
		};
		A3B5D9632FAE11AB00CD4F77 /* Debug */ = {
			isa = XCBuildConfiguration;
			buildSettings = {
				ASSETCATALOG_COMPILER_APPICON_NAME = AppIcon;
				ASSETCATALOG_COMPILER_GLOBAL_ACCENT_COLOR_NAME = AccentColor;
				CODE_SIGN_STYLE = Automatic;
				CURRENT_PROJECT_VERSION = 1;
				DEVELOPMENT_TEAM = TZ6ZTCG253;
				ENABLE_PREVIEWS = YES;
				GENERATE_INFOPLIST_FILE = YES;
				INFOPLIST_KEY_UIApplicationSceneManifest_Generation = YES;
				INFOPLIST_KEY_UIApplicationSupportsIndirectInputEvents = YES;
				INFOPLIST_KEY_UILaunchScreen_Generation = YES;
				INFOPLIST_KEY_UISupportedInterfaceOrientations_iPad = "UIInterfaceOrientationPortrait UIInterfaceOrientationPortraitUpsideDown UIInterfaceOrientationLandscapeLeft UIInterfaceOrientationLandscapeRight";
				INFOPLIST_KEY_UISupportedInterfaceOrientations_iPhone = "UIInterfaceOrientationPortrait UIInterfaceOrientationLandscapeLeft UIInterfaceOrientationLandscapeRight";
				LD_RUNPATH_SEARCH_PATHS = (
					"$(inherited)",
					"@executable_path/Frameworks",
				);
				MARKETING_VERSION = 1.0;
				PRODUCT_BUNDLE_IDENTIFIER = com.fredy.leon.IACurse;
				PRODUCT_NAME = "$(TARGET_NAME)";
				STRING_CATALOG_GENERATE_SYMBOLS = YES;
				SWIFT_APPROACHABLE_CONCURRENCY = YES;
				SWIFT_DEFAULT_ACTOR_ISOLATION = MainActor;
				SWIFT_EMIT_LOC_STRINGS = YES;
				SWIFT_UPCOMING_FEATURE_MEMBER_IMPORT_VISIBILITY = YES;
				SWIFT_VERSION = 5.0;
				TARGETED_DEVICE_FAMILY = "1,2";
			};
			name = Debug;
		};
		A3B5D9642FAE11AB00CD4F77 /* Release */ = {
			isa = XCBuildConfiguration;
			buildSettings = {
				ASSETCATALOG_COMPILER_APPICON_NAME = AppIcon;
				ASSETCATALOG_COMPILER_GLOBAL_ACCENT_COLOR_NAME = AccentColor;
				CODE_SIGN_STYLE = Automatic;
				CURRENT_PROJECT_VERSION = 1;
				DEVELOPMENT_TEAM = TZ6ZTCG253;
				ENABLE_PREVIEWS = YES;
				GENERATE_INFOPLIST_FILE = YES;
				INFOPLIST_KEY_UIApplicationSceneManifest_Generation = YES;
				INFOPLIST_KEY_UIApplicationSupportsIndirectInputEvents = YES;
				INFOPLIST_KEY_UILaunchScreen_Generation = YES;
				INFOPLIST_KEY_UISupportedInterfaceOrientations_iPad = "UIInterfaceOrientationPortrait UIInterfaceOrientationPortraitUpsideDown UIInterfaceOrientationLandscapeLeft UIInterfaceOrientationLandscapeRight";
				INFOPLIST_KEY_UISupportedInterfaceOrientations_iPhone = "UIInterfaceOrientationPortrait UIInterfaceOrientationLandscapeLeft UIInterfaceOrientationLandscapeRight";
				LD_RUNPATH_SEARCH_PATHS = (
					"$(inherited)",
					"@executable_path/Frameworks",
				);
				MARKETING_VERSION = 1.0;
				PRODUCT_BUNDLE_IDENTIFIER = com.fredy.leon.IACurse;
				PRODUCT_NAME = "$(TARGET_NAME)";
				STRING_CATALOG_GENERATE_SYMBOLS = YES;
				SWIFT_APPROACHABLE_CONCURRENCY = YES;
				SWIFT_DEFAULT_ACTOR_ISOLATION = MainActor;
				SWIFT_EMIT_LOC_STRINGS = YES;
				SWIFT_UPCOMING_FEATURE_MEMBER_IMPORT_VISIBILITY = YES;
				SWIFT_VERSION = 5.0;
				TARGETED_DEVICE_FAMILY = "1,2";
			};
			name = Release;
		};
		A3B5D9662FAE11AB00CD4F77 /* Debug */ = {
			isa = XCBuildConfiguration;
			buildSettings = {
				BUNDLE_LOADER = "$(TEST_HOST)";
				CODE_SIGN_STYLE = Automatic;
				CURRENT_PROJECT_VERSION = 1;
				DEVELOPMENT_TEAM = TZ6ZTCG253;
				GENERATE_INFOPLIST_FILE = YES;
				IPHONEOS_DEPLOYMENT_TARGET = 26.5;
				MARKETING_VERSION = 1.0;
				PRODUCT_BUNDLE_IDENTIFIER = com.fredy.leon.IACurseTests;
				PRODUCT_NAME = "$(TARGET_NAME)";
				STRING_CATALOG_GENERATE_SYMBOLS = NO;
				SWIFT_APPROACHABLE_CONCURRENCY = YES;
				SWIFT_EMIT_LOC_STRINGS = NO;
				SWIFT_UPCOMING_FEATURE_MEMBER_IMPORT_VISIBILITY = YES;
				SWIFT_VERSION = 5.0;
				TARGETED_DEVICE_FAMILY = "1,2";
				TEST_HOST = "$(BUILT_PRODUCTS_DIR)/IACurse.app/$(BUNDLE_EXECUTABLE_FOLDER_PATH)/IACurse";
			};
			name = Debug;
		};
		A3B5D9672FAE11AB00CD4F77 /* Release */ = {
			isa = XCBuildConfiguration;
			buildSettings = {
				BUNDLE_LOADER = "$(TEST_HOST)";
				CODE_SIGN_STYLE = Automatic;
				CURRENT_PROJECT_VERSION = 1;
				DEVELOPMENT_TEAM = TZ6ZTCG253;
				GENERATE_INFOPLIST_FILE = YES;
				IPHONEOS_DEPLOYMENT_TARGET = 26.5;
				MARKETING_VERSION = 1.0;
				PRODUCT_BUNDLE_IDENTIFIER = com.fredy.leon.IACurseTests;
				PRODUCT_NAME = "$(TARGET_NAME)";
				STRING_CATALOG_GENERATE_SYMBOLS = NO;
				SWIFT_APPROACHABLE_CONCURRENCY = YES;
				SWIFT_EMIT_LOC_STRINGS = NO;
				SWIFT_UPCOMING_FEATURE_MEMBER_IMPORT_VISIBILITY = YES;
				SWIFT_VERSION = 5.0;
				TARGETED_DEVICE_FAMILY = "1,2";
				TEST_HOST = "$(BUILT_PRODUCTS_DIR)/IACurse.app/$(BUNDLE_EXECUTABLE_FOLDER_PATH)/IACurse";
			};
			name = Release;
		};
		A3B5D9692FAE11AB00CD4F77 /* Debug */ = {
			isa = XCBuildConfiguration;
			buildSettings = {
				CODE_SIGN_STYLE = Automatic;
				CURRENT_PROJECT_VERSION = 1;
				DEVELOPMENT_TEAM = TZ6ZTCG253;
				GENERATE_INFOPLIST_FILE = YES;
				MARKETING_VERSION = 1.0;
				PRODUCT_BUNDLE_IDENTIFIER = com.fredy.leon.IACurseUITests;
				PRODUCT_NAME = "$(TARGET_NAME)";
				STRING_CATALOG_GENERATE_SYMBOLS = NO;
				SWIFT_APPROACHABLE_CONCURRENCY = YES;
				SWIFT_EMIT_LOC_STRINGS = NO;
				SWIFT_UPCOMING_FEATURE_MEMBER_IMPORT_VISIBILITY = YES;
				SWIFT_VERSION = 5.0;
				TARGETED_DEVICE_FAMILY = "1,2";
				TEST_TARGET_NAME = IACurse;
			};
			name = Debug;
		};
		A3B5D96A2FAE11AB00CD4F77 /* Release */ = {
			isa = XCBuildConfiguration;
			buildSettings = {
				CODE_SIGN_STYLE = Automatic;
				CURRENT_PROJECT_VERSION = 1;
				DEVELOPMENT_TEAM = TZ6ZTCG253;
				GENERATE_INFOPLIST_FILE = YES;
				MARKETING_VERSION = 1.0;
				PRODUCT_BUNDLE_IDENTIFIER = com.fredy.leon.IACurseUITests;
				PRODUCT_NAME = "$(TARGET_NAME)";
				STRING_CATALOG_GENERATE_SYMBOLS = NO;
				SWIFT_APPROACHABLE_CONCURRENCY = YES;
				SWIFT_EMIT_LOC_STRINGS = NO;
				SWIFT_UPCOMING_FEATURE_MEMBER_IMPORT_VISIBILITY = YES;
				SWIFT_VERSION = 5.0;
				TARGETED_DEVICE_FAMILY = "1,2";
				TEST_TARGET_NAME = IACurse;
			};
			name = Release;
		};
/* End XCBuildConfiguration section */

/* Begin XCConfigurationList section */
		A3B5D93C2FAE11A800CD4F77 /* Build configuration list for PBXProject "IACurse" */ = {
			isa = XCConfigurationList;
			buildConfigurations = (
				A3B5D9602FAE11AB00CD4F77 /* Debug */,
				A3B5D9612FAE11AB00CD4F77 /* Release */,
			);
			defaultConfigurationIsVisible = 0;
			defaultConfigurationName = Release;
		};
		A3B5D9622FAE11AB00CD4F77 /* Build configuration list for PBXNativeTarget "IACurse" */ = {
			isa = XCConfigurationList;
			buildConfigurations = (
				A3B5D9632FAE11AB00CD4F77 /* Debug */,
				A3B5D9642FAE11AB00CD4F77 /* Release */,
			);
			defaultConfigurationIsVisible = 0;
			defaultConfigurationName = Release;
		};
		A3B5D9652FAE11AB00CD4F77 /* Build configuration list for PBXNativeTarget "IACurseTests" */ = {
			isa = XCConfigurationList;
			buildConfigurations = (
				A3B5D9662FAE11AB00CD4F77 /* Debug */,
				A3B5D9672FAE11AB00CD4F77 /* Release */,
			);
			defaultConfigurationIsVisible = 0;
			defaultConfigurationName = Release;
		};
		A3B5D9682FAE11AB00CD4F77 /* Build configuration list for PBXNativeTarget "IACurseUITests" */ = {
			isa = XCConfigurationList;
			buildConfigurations = (
				A3B5D9692FAE11AB00CD4F77 /* Debug */,
				A3B5D96A2FAE11AB00CD4F77 /* Release */,
			);
			defaultConfigurationIsVisible = 0;
			defaultConfigurationName = Release;
		};
/* End XCConfigurationList section */
	};
	rootObject = A3B5D9392FAE11A800CD4F77 /* Project object */;
}
